<Solution>
  <Configurations>
    <BuildType Name="DebugGame" />
    <BuildType Name="DebugGame Editor" />
    <BuildType Name="Development" />
    <BuildType Name="Development Editor" />
    <BuildType Name="Shipping" />
    <Platform Name="Win64" />
    <Platform Name="Win64-arm64" />
    <Platform Name="Win64-arm64ec" />
  </Configurations>
  <Folder Name="/Engine/">
    <Project Path="Intermediate/ProjectFiles/UE5.vcxproj" Id="fe8048dc-1314-3109-9d00-65bb82ab0ca3">
      <BuildType Project="BuiltWithUnrealBuildTool" />
      <Platform Project="Win64" />
      <Build Project="false" />
    </Project>
  </Folder>
  <Folder Name="/Games/">
    <Project Path="Intermediate/ProjectFiles/GeometrySandbox.vcxproj" Id="63a4d620-7561-3642-b72a-a83345fca9e7">
      <BuildType Solution="DebugGame Editor|Win64" Project="DebugGame_Editor" />
      <BuildType Solution="DebugGame Editor|Win64-arm64" Project="Win64_arm64_DebugGame_Editor" />
      <BuildType Solution="DebugGame Editor|Win64-arm64ec" Project="Win64_arm64ec_DebugGame_Editor" />
      <BuildType Solution="DebugGame|Win64-arm64" Project="Win64_arm64_DebugGame" />
      <BuildType Solution="DebugGame|Win64-arm64ec" Project="Win64_arm64ec_DebugGame" />
      <BuildType Solution="Development Editor|Win64" Project="Development_Editor" />
      <BuildType Solution="Development Editor|Win64-arm64" Project="Win64_arm64_Development_Editor" />
      <BuildType Solution="Development Editor|Win64-arm64ec" Project="Win64_arm64ec_Development_Editor" />
      <BuildType Solution="Development|Win64-arm64" Project="Win64_arm64_Development" />
      <BuildType Solution="Development|Win64-arm64ec" Project="Win64_arm64ec_Development" />
      <BuildType Solution="Shipping|Win64-arm64" Project="Win64_arm64_Shipping" />
      <BuildType Solution="Shipping|Win64-arm64ec" Project="Win64_arm64ec_Shipping" />
      <Platform Project="x64" />
    </Project>
  </Folder>
  <Folder Name="/Programs/">
    <Project Path="C:/Program Files/Epic Games/UE_5.8/Engine/Source/Programs/AutomationTool/AutomationTool.csproj">
      <BuildType Project="Development" />
    </Project>
    <Project Path="C:/Program Files/Epic Games/UE_5.8/Engine/Source/Programs/UnrealBuildTool/UnrealBuildTool.csproj">
      <BuildType Project="Development" />
    </Project>
  </Folder>
  <Folder Name="/Programs/Automation/">
    <Project Path="C:/Program Files/Epic Games/UE_5.8/Engine/Platforms/VisionOS/Source/Programs/AutomationTool/VisionOS.Automation.csproj">
      <BuildType Project="Development" />
    </Project>
    <Project Path="C:/Program Files/Epic Games/UE_5.8/Engine/Source/Programs/AutomationTool/Android/Android.Automation.csproj">
      <BuildType Project="Development" />
    </Project>
    <Project Path="C:/Program Files/Epic Games/UE_5.8/Engine/Source/Programs/AutomationTool/Apple/Apple.Automation.csproj">
      <BuildType Project="Development" />
    </Project>
    <Project Path="C:/Program Files/Epic Games/UE_5.8/Engine/Source/Programs/AutomationTool/AutomationUtils/AutomationUtils.Automation.csproj">
      <BuildType Project="Development" />
    </Project>
    <Project Path="C:/Program Files/Epic Games/UE_5.8/Engine/Source/Programs/AutomationTool/BuildGraph/BuildGraph.Automation.csproj">
      <BuildType Project="Development" />
    </Project>
    <Project Path="C:/Program Files/Epic Games/UE_5.8/Engine/Source/Programs/AutomationTool/CookedEditor/CookedEditor.Automation.csproj">
      <BuildType Project="Development" />
    </Project>
    <Project Path="C:/Program Files/Epic Games/UE_5.8/Engine/Source/Programs/AutomationTool/CrowdinLocalization/CrowdinLocalization.Automation.csproj">
      <BuildType Project="Development" />
    </Project>
    <Project Path="C:/Program Files/Epic Games/UE_5.8/Engine/Source/Programs/AutomationTool/Gauntlet/Gauntlet.Automation.csproj">
      <BuildType Project="Development" />
    </Project>
    <Project Path="C:/Program Files/Epic Games/UE_5.8/Engine/Source/Programs/AutomationTool/Insights/Insights.Automation.csproj">
      <BuildType Project="Development" />
    </Project>
    <Project Path="C:/Program Files/Epic Games/UE_5.8/Engine/Source/Programs/AutomationTool/IOS/IOS.Automation.csproj">
      <BuildType Project="Development" />
    </Project>
    <Project Path="C:/Program Files/Epic Games/UE_5.8/Engine/Source/Programs/AutomationTool/Linux/Linux.Automation.csproj">
      <BuildType Project="Development" />
    </Project>
    <Project Path="C:/Program Files/Epic Games/UE_5.8/Engine/Source/Programs/AutomationTool/LiveLinkHub/LiveLinkHub.Automation.csproj">
      <BuildType Project="Development" />
    </Project>
    <Project Path="C:/Program Files/Epic Games/UE_5.8/Engine/Source/Programs/AutomationTool/Localization/Localization.Automation.csproj">
      <BuildType Project="Development" />
    </Project>
    <Project Path="C:/Program Files/Epic Games/UE_5.8/Engine/Source/Programs/AutomationTool/LowLevelTests/LowLevelTests.Automation.csproj">
      <BuildType Project="Development" />
    </Project>
    <Project Path="C:/Program Files/Epic Games/UE_5.8/Engine/Source/Programs/AutomationTool/Mac/Mac.Automation.csproj">
      <BuildType Project="Development" />
    </Project>
    <Project Path="C:/Program Files/Epic Games/UE_5.8/Engine/Source/Programs/AutomationTool/Microsoft/Microsoft.Automation.csproj">
      <BuildType Project="Development" />
    </Project>
    <Project Path="C:/Program Files/Epic Games/UE_5.8/Engine/Source/Programs/AutomationTool/Mutable/Mutable.Automation.csproj">
      <BuildType Project="Development" />
    </Project>
    <Project Path="C:/Program Files/Epic Games/UE_5.8/Engine/Source/Programs/AutomationTool/OneSkyLocalization/OneSkyLocalization.Automation.csproj">
      <BuildType Project="Development" />
    </Project>
    <Project Path="C:/Program Files/Epic Games/UE_5.8/Engine/Source/Programs/AutomationTool/Scripts/AutomationScripts.Automation.csproj">
      <BuildType Project="Development" />
    </Project>
    <Project Path="C:/Program Files/Epic Games/UE_5.8/Engine/Source/Programs/AutomationTool/SmartlingLocalization/SmartlingLocalization.Automation.csproj">
      <BuildType Project="Development" />
    </Project>
    <Project Path="C:/Program Files/Epic Games/UE_5.8/Engine/Source/Programs/AutomationTool/SteamDeck/SteamDeck.Automation.csproj">
      <BuildType Project="Development" />
    </Project>
    <Project Path="C:/Program Files/Epic Games/UE_5.8/Engine/Source/Programs/AutomationTool/Turnkey/Turnkey.Automation.csproj">
      <BuildType Project="Development" />
    </Project>
    <Project Path="C:/Program Files/Epic Games/UE_5.8/Engine/Source/Programs/AutomationTool/TVOS/TVOS.Automation.csproj">
      <BuildType Project="Development" />
    </Project>
    <Project Path="C:/Program Files/Epic Games/UE_5.8/Engine/Source/Programs/AutomationTool/Win/Win.Automation.csproj">
      <BuildType Project="Development" />
    </Project>
    <Project Path="C:/Program Files/Epic Games/UE_5.8/Engine/Source/Programs/AutomationTool/XLocLocalization/XLocLocalization.Automation.csproj">
      <BuildType Project="Development" />
    </Project>
  </Folder>
  <Folder Name="/Programs/Shared/">
    <Project Path="C:/Program Files/Epic Games/UE_5.8/Engine/Source/Programs/Shared/EpicGames.Analytics.Generators/EpicGames.Analytics.Generators.csproj">
      <BuildType Project="Development" />
    </Project>
    <Project Path="C:/Program Files/Epic Games/UE_5.8/Engine/Source/Programs/Shared/EpicGames.Analytics.PerformanceTrends/EpicGames.Analytics.PerformanceTrends.csproj">
      <BuildType Project="Development" />
    </Project>
    <Project Path="C:/Program Files/Epic Games/UE_5.8/Engine/Source/Programs/Shared/EpicGames.Analytics.Telemetry/EpicGames.Analytics.Telemetry.csproj">
      <BuildType Project="Development" />
    </Project>
    <Project Path="C:/Program Files/Epic Games/UE_5.8/Engine/Source/Programs/Shared/EpicGames.AspNet/EpicGames.AspNet.csproj">
      <BuildType Project="Development" />
    </Project>
    <Project Path="C:/Program Files/Epic Games/UE_5.8/Engine/Source/Programs/Shared/EpicGames.Benchmarks/EpicGames.Benchmarks.csproj">
      <BuildType Project="Development" />
    </Project>
    <Project Path="C:/Program Files/Epic Games/UE_5.8/Engine/Source/Programs/Shared/EpicGames.Build/EpicGames.Build.csproj">
      <BuildType Project="Development" />
    </Project>
    <Project Path="C:/Program Files/Epic Games/UE_5.8/Engine/Source/Programs/Shared/EpicGames.BuildGraph/EpicGames.BuildGraph.csproj">
      <BuildType Project="Development" />
    </Project>
    <Project Path="C:/Program Files/Epic Games/UE_5.8/Engine/Source/Programs/Shared/EpicGames.Core/EpicGames.Core.csproj">
      <BuildType Project="Development" />
    </Project>
    <Project Path="C:/Program Files/Epic Games/UE_5.8/Engine/Source/Programs/Shared/EpicGames.Horde/EpicGames.Horde.csproj">
      <BuildType Project="Development" />
    </Project>
    <Project Path="C:/Program Files/Epic Games/UE_5.8/Engine/Source/Programs/Shared/EpicGames.IoHash/EpicGames.IoHash.csproj">
      <BuildType Project="Development" />
    </Project>
    <Project Path="C:/Program Files/Epic Games/UE_5.8/Engine/Source/Programs/Shared/EpicGames.LogMatchers/EpicGames.LogMatchers.csproj">
      <BuildType Project="Development" />
    </Project>
    <Project Path="C:/Program Files/Epic Games/UE_5.8/Engine/Source/Programs/Shared/EpicGames.MongoDB/EpicGames.MongoDB.csproj">
      <BuildType Project="Development" />
    </Project>
    <Project Path="C:/Program Files/Epic Games/UE_5.8/Engine/Source/Programs/Shared/EpicGames.MsBuild/EpicGames.MsBuild.csproj">
      <BuildType Project="Development" />
    </Project>
    <Project Path="C:/Program Files/Epic Games/UE_5.8/Engine/Source/Programs/Shared/EpicGames.OIDC/EpicGames.OIDC.csproj">
      <BuildType Project="Development" />
    </Project>
    <Project Path="C:/Program Files/Epic Games/UE_5.8/Engine/Source/Programs/Shared/EpicGames.Oodle/EpicGames.Oodle.csproj">
      <BuildType Project="Development" />
    </Project>
    <Project Path="C:/Program Files/Epic Games/UE_5.8/Engine/Source/Programs/Shared/EpicGames.Perforce.Fixture/EpicGames.Perforce.Fixture.csproj">
      <BuildType Project="Development" />
    </Project>
    <Project Path="C:/Program Files/Epic Games/UE_5.8/Engine/Source/Programs/Shared/EpicGames.Perforce.Managed/EpicGames.Perforce.Managed.csproj">
      <BuildType Project="Development" />
    </Project>
    <Project Path="C:/Program Files/Epic Games/UE_5.8/Engine/Source/Programs/Shared/EpicGames.Perforce/EpicGames.Perforce.csproj">
      <BuildType Project="Development" />
    </Project>
    <Project Path="C:/Program Files/Epic Games/UE_5.8/Engine/Source/Programs/Shared/EpicGames.ProjectStore/EpicGames.ProjectStore.csproj">
      <BuildType Project="Development" />
    </Project>
    <Project Path="C:/Program Files/Epic Games/UE_5.8/Engine/Source/Programs/Shared/EpicGames.Redis/EpicGames.Redis.csproj">
      <BuildType Project="Development" />
    </Project>
    <Project Path="C:/Program Files/Epic Games/UE_5.8/Engine/Source/Programs/Shared/EpicGames.ScriptBuild/EpicGames.ScriptBuild.csproj">
      <BuildType Project="Development" />
    </Project>
    <Project Path="C:/Program Files/Epic Games/UE_5.8/Engine/Source/Programs/Shared/EpicGames.Serialization/EpicGames.Serialization.csproj">
      <BuildType Project="Development" />
    </Project>
    <Project Path="C:/Program Files/Epic Games/UE_5.8/Engine/Source/Programs/Shared/EpicGames.Slack/EpicGames.Slack.csproj">
      <BuildType Project="Development" />
    </Project>
    <Project Path="C:/Program Files/Epic Games/UE_5.8/Engine/Source/Programs/Shared/EpicGames.Tracing/EpicGames.Tracing.csproj">
      <BuildType Project="Development" />
    </Project>
    <Project Path="C:/Program Files/Epic Games/UE_5.8/Engine/Source/Programs/Shared/EpicGames.UBA/EpicGames.UBA.csproj">
      <BuildType Project="Development" />
    </Project>
    <Project Path="C:/Program Files/Epic Games/UE_5.8/Engine/Source/Programs/Shared/EpicGames.UHT/EpicGames.UHT.csproj">
      <BuildType Project="Development" />
    </Project>
  </Folder>
  <Folder Name="/Programs/UnrealBuildTool.Plugins/">
    <Project Path="C:/Program Files/Epic Games/UE_5.8/Engine/Plugins/ScriptPlugin/Source/ScriptGeneratorUbtPlugin/ScriptGeneratorUbtPlugin.ubtplugin.csproj">
      <BuildType Project="Development" />
    </Project>
  </Folder>
  <Folder Name="/Rules/">
    <Project Path="C:/Program Files/Epic Games/UE_5.8/Engine/Intermediate/Build/BuildRulesProjects/UE5ProgramRules/UE5ProgramRules.csproj">
      <BuildType Project="Development" />
    </Project>
    <Project Path="C:/Program Files/Epic Games/UE_5.8/Engine/Intermediate/Build/BuildRulesProjects/UE5Rules/UE5Rules.csproj">
      <BuildType Project="Development" />
    </Project>
    <Project Path="Intermediate/Build/BuildRulesProjects/GeometrySandboxModuleRules/GeometrySandboxModuleRules.csproj">
      <BuildType Project="Development" />
    </Project>
  </Folder>
  <Folder Name="/Visualizers/">
    <File Path="C:/Program Files/Epic Games/UE_5.8/Engine/Extras/VisualStudioDebugging/Unreal.natjmc" />
    <File Path="C:/Program Files/Epic Games/UE_5.8/Engine/Extras/VisualStudioDebugging/Unreal.natstepfilter" />
    <File Path="C:/Program Files/Epic Games/UE_5.8/Engine/Extras/VisualStudioDebugging/Unreal.natvis" />
  </Folder>
  <Properties Name="ddbf523f-7eb6-4887-bd51-85a714ff87eb">
    <Property Name="AvailablePlatforms" Value="Win64" />
  </Properties>
</Solution>
